
Microsoft Visual Studio Solution File, Format Version 12.00
# Visual Studio Version 17
VisualStudioVersion = 17.3.32804.467
MinimumVisualStudioVersion = 10.0.40219.1
Project("{FAE04EC0-301F-11D3-BF4B-00C04F79EFBC}") = "VaccineManagementAPI", "VaccineManagementAPI\VaccineManagementAPI.csproj", "{A02A7334-B40A-4E03-8D8F-C1F4AB907BBC}"
EndProject
Project("{FAE04EC0-301F-11D3-BF4B-00C04F79EFBC}") = "VaccineManagementMVC", "VaccineManagementMVC\VaccineManagementMVC.csproj", "{F5F73422-0578-448E-A665-CAEC914904C1}"
EndProject
Global
	GlobalSection(SolutionConfigurationPlatforms) = preSolution
		Debug|Any CPU = Debug|Any CPU
		Release|Any CPU = Release|Any CPU
	EndGlobalSection
	GlobalSection(ProjectConfigurationPlatforms) = postSolution
		{A02A7334-B40A-4E03-8D8F-C1F4AB907BBC}.Debug|Any CPU.ActiveCfg = Debug|Any CPU
		{A02A7334-B40A-4E03-8D8F-C1F4AB907BBC}.Debug|Any CPU.Build.0 = Debug|Any CPU
		{A02A7334-B40A-4E03-8D8F-C1F4AB907BBC}.Release|Any CPU.ActiveCfg = Release|Any CPU
		{A02A7334-B40A-4E03-8D8F-C1F4AB907BBC}.Release|Any CPU.Build.0 = Release|Any CPU
		{F5F73422-0578-448E-A665-CAEC914904C1}.Debug|Any CPU.ActiveCfg = Debug|Any CPU
		{F5F73422-0578-448E-A665-CAEC914904C1}.Debug|Any CPU.Build.0 = Debug|Any CPU
		{F5F73422-0578-448E-A665-CAEC914904C1}.Release|Any CPU.ActiveCfg = Release|Any CPU
		{F5F73422-0578-448E-A665-CAEC914904C1}.Release|Any CPU.Build.0 = Release|Any CPU
	EndGlobalSection
	GlobalSection(SolutionProperties) = preSolution
		HideSolutionNode = FALSE
	EndGlobalSection
	GlobalSection(ExtensibilityGlobals) = postSolution
		SolutionGuid = {1508E353-4BAE-43FD-9F03-BC96758167A8}
	EndGlobalSection
EndGlobal
